Microsoft Visual Studio Solution File, Format Version 12.00
# Visual Studio 15
VisualStudioVersion = 15.0.26730.3
MinimumVisualStudioVersion = 10.0.40219.1
Project("{9A19103F-16F7-4668-BE54-9A1E7A4F7556}") = "TeamCity.VSTest.TestLogger", "TeamCity.VSTest.TestLogger\TeamCity.VSTest.TestLogger.csproj", "{2B305BED-554B-4F9C-9444-96FF5F59CA99}"
EndProject
Project("{2150E333-8FDC-42A3-9474-1A3956D46DE8}") = "Solution Items", "Solution Items", "{E7F43C72-213E-49E4-937F-FA8F1BDC5601}"
	ProjectSection(SolutionItems) = preProject
		build.proj = build.proj
	EndProjectSection
EndProject
Project("{9A19103F-16F7-4668-BE54-9A1E7A4F7556}") = "TeamCity.VSTest.TestLogger.Tests", "TeamCity.VSTest.TestLogger.Tests\TeamCity.VSTest.TestLogger.Tests.csproj", "{582D7714-0D27-44F8-8479-87422EB28E5A}"
EndProject
Global
	GlobalSection(SolutionConfigurationPlatforms) = preSolution
		Debug|Any CPU = Debug|Any CPU
		Release|Any CPU = Release|Any CPU
	EndGlobalSection
	GlobalSection(ProjectConfigurationPlatforms) = postSolution
		{2B305BED-554B-4F9C-9444-96FF5F59CA99}.Debug|Any CPU.ActiveCfg = Debug|Any CPU
		{2B305BED-554B-4F9C-9444-96FF5F59CA99}.Debug|Any CPU.Build.0 = Debug|Any CPU
		{2B305BED-554B-4F9C-9444-96FF5F59CA99}.Release|Any CPU.ActiveCfg = Release|Any CPU
		{2B305BED-554B-4F9C-9444-96FF5F59CA99}.Release|Any CPU.Build.0 = Release|Any CPU
		{582D7714-0D27-44F8-8479-87422EB28E5A}.Debug|Any CPU.ActiveCfg = Debug|Any CPU
		{582D7714-0D27-44F8-8479-87422EB28E5A}.Debug|Any CPU.Build.0 = Debug|Any CPU
		{582D7714-0D27-44F8-8479-87422EB28E5A}.Release|Any CPU.ActiveCfg = Release|Any CPU
		{582D7714-0D27-44F8-8479-87422EB28E5A}.Release|Any CPU.Build.0 = Release|Any CPU
	EndGlobalSection
	GlobalSection(SolutionProperties) = preSolution
		HideSolutionNode = FALSE
	EndGlobalSection
	GlobalSection(ExtensibilityGlobals) = postSolution
		SolutionGuid = {AE9E8BDF-1512-44DD-AA5F-FFF2F857D3ED}
	EndGlobalSection
EndGlobal
