Microsoft Visual Studio Solution File, Format Version 12.00
# Visual Studio 15
VisualStudioVersion = 15.0.26228.4
MinimumVisualStudioVersion = 10.0.40219.1
Project("{2150E333-8FDC-42A3-9474-1A3956D46DE8}") = "IntegrationTests", "IntegrationTests", "{E9EECA36-7BB3-4D65-BCF7-90A98B6DA2E5}"
EndProject
Project("{FAE04EC0-301F-11D3-BF4B-00C04F79EFBC}") = "TeamCity.VSTest.TestAdapter", "TeamCity.VSTest.TestAdapter\TeamCity.VSTest.TestAdapter.csproj", "{2B305BED-554B-4F9C-9444-96FF5F59CA99}"
EndProject
Project("{FAE04EC0-301F-11D3-BF4B-00C04F79EFBC}") = "TeamCity.VSTest.TestAdapter.Tests", "TeamCity.VSTest.TestAdapter.Tests\TeamCity.VSTest.TestAdapter.Tests.csproj", "{E2A3B07C-F4DC-4B59-9D8A-22CF7CE06E29}"
EndProject
Project("{FAE04EC0-301F-11D3-BF4B-00C04F79EFBC}") = "dotNetCore.XUnit.Tests", "IntegrationTests\dotNetCore.XUnit.Tests\dotNetCore.XUnit.Tests.csproj", "{27307A67-4232-4708-B561-84BAF0D6559F}"
EndProject
Project("{FAE04EC0-301F-11D3-BF4B-00C04F79EFBC}") = "dotNetCore.MS.Tests", "IntegrationTests\dotNetCore.MS.Tests\dotNetCore.MS.Tests.csproj", "{FCDD047D-D115-4AC8-9E05-C22AB9940D4A}"
EndProject
Project("{FAE04EC0-301F-11D3-BF4B-00C04F79EFBC}") = "dotNet.MS.Tests", "IntegrationTests\dotNet.MS.Tests\dotNet.MS.Tests.csproj", "{0F5C8397-84C4-4A15-9B0C-BB939164AC4C}"
EndProject
Project("{FAE04EC0-301F-11D3-BF4B-00C04F79EFBC}") = "dotNet.XUnit.Tests", "IntegrationTests\dotNet.XUnit.Tests\dotNet.XUnit.Tests.csproj", "{91D202D1-AD5F-4792-9A99-759B0789EF09}"
EndProject
Global
	GlobalSection(SolutionConfigurationPlatforms) = preSolution
		Debug|Any CPU = Debug|Any CPU
		Release|Any CPU = Release|Any CPU
	EndGlobalSection
	GlobalSection(ProjectConfigurationPlatforms) = postSolution
		{2B305BED-554B-4F9C-9444-96FF5F59CA99}.Debug|Any CPU.ActiveCfg = Debug|Any CPU
		{2B305BED-554B-4F9C-9444-96FF5F59CA99}.Debug|Any CPU.Build.0 = Debug|Any CPU
		{2B305BED-554B-4F9C-9444-96FF5F59CA99}.Release|Any CPU.ActiveCfg = Release|Any CPU
		{2B305BED-554B-4F9C-9444-96FF5F59CA99}.Release|Any CPU.Build.0 = Release|Any CPU
		{E2A3B07C-F4DC-4B59-9D8A-22CF7CE06E29}.Debug|Any CPU.ActiveCfg = Debug|Any CPU
		{E2A3B07C-F4DC-4B59-9D8A-22CF7CE06E29}.Debug|Any CPU.Build.0 = Debug|Any CPU
		{E2A3B07C-F4DC-4B59-9D8A-22CF7CE06E29}.Release|Any CPU.ActiveCfg = Release|Any CPU
		{E2A3B07C-F4DC-4B59-9D8A-22CF7CE06E29}.Release|Any CPU.Build.0 = Release|Any CPU
		{27307A67-4232-4708-B561-84BAF0D6559F}.Debug|Any CPU.ActiveCfg = Debug|Any CPU
		{27307A67-4232-4708-B561-84BAF0D6559F}.Debug|Any CPU.Build.0 = Debug|Any CPU
		{27307A67-4232-4708-B561-84BAF0D6559F}.Release|Any CPU.ActiveCfg = Release|Any CPU
		{27307A67-4232-4708-B561-84BAF0D6559F}.Release|Any CPU.Build.0 = Release|Any CPU
		{FCDD047D-D115-4AC8-9E05-C22AB9940D4A}.Debug|Any CPU.ActiveCfg = Debug|Any CPU
		{FCDD047D-D115-4AC8-9E05-C22AB9940D4A}.Debug|Any CPU.Build.0 = Debug|Any CPU
		{FCDD047D-D115-4AC8-9E05-C22AB9940D4A}.Release|Any CPU.ActiveCfg = Release|Any CPU
		{FCDD047D-D115-4AC8-9E05-C22AB9940D4A}.Release|Any CPU.Build.0 = Release|Any CPU
		{0F5C8397-84C4-4A15-9B0C-BB939164AC4C}.Debug|Any CPU.ActiveCfg = Debug|Any CPU
		{0F5C8397-84C4-4A15-9B0C-BB939164AC4C}.Debug|Any CPU.Build.0 = Debug|Any CPU
		{0F5C8397-84C4-4A15-9B0C-BB939164AC4C}.Release|Any CPU.ActiveCfg = Release|Any CPU
		{0F5C8397-84C4-4A15-9B0C-BB939164AC4C}.Release|Any CPU.Build.0 = Release|Any CPU
		{91D202D1-AD5F-4792-9A99-759B0789EF09}.Debug|Any CPU.ActiveCfg = Debug|Any CPU
		{91D202D1-AD5F-4792-9A99-759B0789EF09}.Debug|Any CPU.Build.0 = Debug|Any CPU
		{91D202D1-AD5F-4792-9A99-759B0789EF09}.Release|Any CPU.ActiveCfg = Release|Any CPU
		{91D202D1-AD5F-4792-9A99-759B0789EF09}.Release|Any CPU.Build.0 = Release|Any CPU
	EndGlobalSection
	GlobalSection(SolutionProperties) = preSolution
		HideSolutionNode = FALSE
	EndGlobalSection
	GlobalSection(NestedProjects) = preSolution
		{27307A67-4232-4708-B561-84BAF0D6559F} = {E9EECA36-7BB3-4D65-BCF7-90A98B6DA2E5}
		{FCDD047D-D115-4AC8-9E05-C22AB9940D4A} = {E9EECA36-7BB3-4D65-BCF7-90A98B6DA2E5}
		{0F5C8397-84C4-4A15-9B0C-BB939164AC4C} = {E9EECA36-7BB3-4D65-BCF7-90A98B6DA2E5}
		{91D202D1-AD5F-4792-9A99-759B0789EF09} = {E9EECA36-7BB3-4D65-BCF7-90A98B6DA2E5}
	EndGlobalSection
EndGlobal
